
Microsoft Visual Studio Solution File, Format Version 12.00
# Visual Studio Version 17
VisualStudioVersion = 17.2.32516.85
MinimumVisualStudioVersion = 10.0.40219.1
Project("{8BC9CEB8-8B4A-11D0-8D11-00A0C91BC942}") = "MFC_RestAPI", "MFC_RestAPI\MFC_RestAPI.vcxproj", "{BB45D75C-3C17-4696-AF02-ECB69B44E5AB}"
EndProject
Global
	GlobalSection(SolutionConfigurationPlatforms) = preSolution
		Debug|x64 = Debug|x64
		Debug|x86 = Debug|x86
		Release|x64 = Release|x64
		Release|x86 = Release|x86
	EndGlobalSection
	GlobalSection(ProjectConfigurationPlatforms) = postSolution
		{BB45D75C-3C17-4696-AF02-ECB69B44E5AB}.Debug|x64.ActiveCfg = Debug|x64
		{BB45D75C-3C17-4696-AF02-ECB69B44E5AB}.Debug|x64.Build.0 = Debug|x64
		{BB45D75C-3C17-4696-AF02-ECB69B44E5AB}.Debug|x86.ActiveCfg = Debug|Win32
		{BB45D75C-3C17-4696-AF02-ECB69B44E5AB}.Debug|x86.Build.0 = Debug|Win32
		{BB45D75C-3C17-4696-AF02-ECB69B44E5AB}.Release|x64.ActiveCfg = Release|x64
		{BB45D75C-3C17-4696-AF02-ECB69B44E5AB}.Release|x64.Build.0 = Release|x64
		{BB45D75C-3C17-4696-AF02-ECB69B44E5AB}.Release|x86.ActiveCfg = Release|Win32
		{BB45D75C-3C17-4696-AF02-ECB69B44E5AB}.Release|x86.Build.0 = Release|Win32
	EndGlobalSection
	GlobalSection(SolutionProperties) = preSolution
		HideSolutionNode = FALSE
	EndGlobalSection
	GlobalSection(ExtensibilityGlobals) = postSolution
		SolutionGuid = {06D68D9E-307F-464F-AD35-D51A0FE3FF10}
	EndGlobalSection
EndGlobal
